# THIS IS AN AUTOGENERATED FILE. DO NOT EDIT THIS FILE DIRECTLY.
# yarn lockfile v1


opencascade.js@2.0.0-beta.57120e6:
  version "2.0.0-beta.57120e6"
  resolved "https://registry.yarnpkg.com/opencascade.js/-/opencascade.js-2.0.0-beta.57120e6.tgz#5dc190a8880be7b142631b0a3589f9ca2d172fdf"
  integrity sha512-XUH35ZYiDdrRPiwK38g3CyU4J/rxQ82xXgRDePmRTWIALGdlJ3i7SFb/o74/bLhdKp39No1EIRO8fjvFeKwzQQ==
